
Microsoft Visual Studio Solution File, Format Version 12.00
# Visual Studio Version 17
VisualStudioVersion = 17.1.32210.238
MinimumVisualStudioVersion = 10.0.40219.1
Project("{2150E333-8FDC-42A3-9474-1A3956D46DE8}") = "doc", "doc", "{24E1F704-67C4-4412-8B30-F98851BA5863}"
EndProject
Project("{2150E333-8FDC-42A3-9474-1A3956D46DE8}") = "src", "src", "{F23CB0FE-7FB4-4186-A897-B9A04DCC8121}"
EndProject
Project("{2150E333-8FDC-42A3-9474-1A3956D46DE8}") = "test", "test", "{2F9B361C-7395-47B3-99AA-EBE902B5C567}"
EndProject
Project("{2150E333-8FDC-42A3-9474-1A3956D46DE8}") = "API", "API", "{0A0BA21C-A309-4E4A-A556-0C0821EAE40B}"
EndProject
Project("{2150E333-8FDC-42A3-9474-1A3956D46DE8}") = "Core", "Core", "{525FD23C-38EA-4FC0-BE2C-DF301623BF68}"
EndProject
Project("{2150E333-8FDC-42A3-9474-1A3956D46DE8}") = "Infrastructure", "Infrastructure", "{77284B20-F7EF-4785-B135-E62D3F869A1D}"
EndProject
Project("{9A19103F-16F7-4668-BE54-9A1E7A4F7556}") = "SEPUDO.Domain", "SEPUDO.Domain\SEPUDO.Domain.csproj", "{11F7BBE2-7739-48E1-AA24-88DB9021BCC0}"
EndProject
Project("{9A19103F-16F7-4668-BE54-9A1E7A4F7556}") = "SEPUDO.API", "SEPUDO.API\SEPUDO.API.csproj", "{A9360F55-8FF7-4545-9A47-CD092DCAA911}"
EndProject
Project("{9A19103F-16F7-4668-BE54-9A1E7A4F7556}") = "SEPUDO.Application", "SEPUDO.Application\SEPUDO.Application.csproj", "{BDBCC951-0E36-4A3B-9B2A-D8C0E3AECE5E}"
EndProject
Project("{9A19103F-16F7-4668-BE54-9A1E7A4F7556}") = "SEPUDO.Infrastructure", "SEPUDO.Infrastructure\SEPUDO.Infrastructure.csproj", "{9390C03D-FF43-4F6C-AE99-955A6FF4D8FA}"
EndProject
Project("{9A19103F-16F7-4668-BE54-9A1E7A4F7556}") = "SEPUDO.Identity", "SEPUDO.Identity\SEPUDO.Identity.csproj", "{8B4F36D0-E059-4426-AE3B-96DCAD5376C5}"
EndProject
Project("{FAE04EC0-301F-11D3-BF4B-00C04F79EFBC}") = "SEPUDO.Application.UnitTests", "SEPUDO.Application.UnitTests\SEPUDO.Application.UnitTests.csproj", "{3BAD0B2E-96D4-43B3-B812-6F542428550B}"
EndProject
Global
	GlobalSection(SolutionConfigurationPlatforms) = preSolution
		Debug|Any CPU = Debug|Any CPU
		Release|Any CPU = Release|Any CPU
	EndGlobalSection
	GlobalSection(ProjectConfigurationPlatforms) = postSolution
		{11F7BBE2-7739-48E1-AA24-88DB9021BCC0}.Debug|Any CPU.ActiveCfg = Debug|Any CPU
		{11F7BBE2-7739-48E1-AA24-88DB9021BCC0}.Debug|Any CPU.Build.0 = Debug|Any CPU
		{11F7BBE2-7739-48E1-AA24-88DB9021BCC0}.Release|Any CPU.ActiveCfg = Release|Any CPU
		{11F7BBE2-7739-48E1-AA24-88DB9021BCC0}.Release|Any CPU.Build.0 = Release|Any CPU
		{A9360F55-8FF7-4545-9A47-CD092DCAA911}.Debug|Any CPU.ActiveCfg = Debug|Any CPU
		{A9360F55-8FF7-4545-9A47-CD092DCAA911}.Debug|Any CPU.Build.0 = Debug|Any CPU
		{A9360F55-8FF7-4545-9A47-CD092DCAA911}.Release|Any CPU.ActiveCfg = Release|Any CPU
		{A9360F55-8FF7-4545-9A47-CD092DCAA911}.Release|Any CPU.Build.0 = Release|Any CPU
		{BDBCC951-0E36-4A3B-9B2A-D8C0E3AECE5E}.Debug|Any CPU.ActiveCfg = Debug|Any CPU
		{BDBCC951-0E36-4A3B-9B2A-D8C0E3AECE5E}.Debug|Any CPU.Build.0 = Debug|Any CPU
		{BDBCC951-0E36-4A3B-9B2A-D8C0E3AECE5E}.Release|Any CPU.ActiveCfg = Release|Any CPU
		{BDBCC951-0E36-4A3B-9B2A-D8C0E3AECE5E}.Release|Any CPU.Build.0 = Release|Any CPU
		{9390C03D-FF43-4F6C-AE99-955A6FF4D8FA}.Debug|Any CPU.ActiveCfg = Debug|Any CPU
		{9390C03D-FF43-4F6C-AE99-955A6FF4D8FA}.Debug|Any CPU.Build.0 = Debug|Any CPU
		{9390C03D-FF43-4F6C-AE99-955A6FF4D8FA}.Release|Any CPU.ActiveCfg = Release|Any CPU
		{9390C03D-FF43-4F6C-AE99-955A6FF4D8FA}.Release|Any CPU.Build.0 = Release|Any CPU
		{8B4F36D0-E059-4426-AE3B-96DCAD5376C5}.Debug|Any CPU.ActiveCfg = Debug|Any CPU
		{8B4F36D0-E059-4426-AE3B-96DCAD5376C5}.Debug|Any CPU.Build.0 = Debug|Any CPU
		{8B4F36D0-E059-4426-AE3B-96DCAD5376C5}.Release|Any CPU.ActiveCfg = Release|Any CPU
		{8B4F36D0-E059-4426-AE3B-96DCAD5376C5}.Release|Any CPU.Build.0 = Release|Any CPU
		{3BAD0B2E-96D4-43B3-B812-6F542428550B}.Debug|Any CPU.ActiveCfg = Debug|Any CPU
		{3BAD0B2E-96D4-43B3-B812-6F542428550B}.Debug|Any CPU.Build.0 = Debug|Any CPU
		{3BAD0B2E-96D4-43B3-B812-6F542428550B}.Release|Any CPU.ActiveCfg = Release|Any CPU
		{3BAD0B2E-96D4-43B3-B812-6F542428550B}.Release|Any CPU.Build.0 = Release|Any CPU
	EndGlobalSection
	GlobalSection(SolutionProperties) = preSolution
		HideSolutionNode = FALSE
	EndGlobalSection
	GlobalSection(NestedProjects) = preSolution
		{0A0BA21C-A309-4E4A-A556-0C0821EAE40B} = {F23CB0FE-7FB4-4186-A897-B9A04DCC8121}
		{525FD23C-38EA-4FC0-BE2C-DF301623BF68} = {F23CB0FE-7FB4-4186-A897-B9A04DCC8121}
		{77284B20-F7EF-4785-B135-E62D3F869A1D} = {F23CB0FE-7FB4-4186-A897-B9A04DCC8121}
		{11F7BBE2-7739-48E1-AA24-88DB9021BCC0} = {525FD23C-38EA-4FC0-BE2C-DF301623BF68}
		{A9360F55-8FF7-4545-9A47-CD092DCAA911} = {0A0BA21C-A309-4E4A-A556-0C0821EAE40B}
		{BDBCC951-0E36-4A3B-9B2A-D8C0E3AECE5E} = {525FD23C-38EA-4FC0-BE2C-DF301623BF68}
		{9390C03D-FF43-4F6C-AE99-955A6FF4D8FA} = {77284B20-F7EF-4785-B135-E62D3F869A1D}
		{8B4F36D0-E059-4426-AE3B-96DCAD5376C5} = {77284B20-F7EF-4785-B135-E62D3F869A1D}
		{3BAD0B2E-96D4-43B3-B812-6F542428550B} = {2F9B361C-7395-47B3-99AA-EBE902B5C567}
	EndGlobalSection
	GlobalSection(ExtensibilityGlobals) = postSolution
		SolutionGuid = {B80C5E0A-2ED2-43F4-886A-98CEC04A7904}
	EndGlobalSection
EndGlobal
